
Microsoft Visual Studio Solution File, Format Version 12.00
# Visual Studio 14
VisualStudioVersion = 14.0.24720.0
MinimumVisualStudioVersion = 10.0.40219.1
Project("{2150E333-8FDC-42A3-9474-1A3956D46DE8}") = "src", "src", "{AEF2DF70-4325-47FE-8410-1F381DFFB5AB}"
EndProject
Project("{2150E333-8FDC-42A3-9474-1A3956D46DE8}") = "Solution Items", "Solution Items", "{1C94C7BA-C105-4FD2-9D00-DCBCEEDEF8EE}"
	ProjectSection(SolutionItems) = preProject
		global.json = global.json
	EndProjectSection
EndProject
Project("{8BB2217D-0F2D-49D1-97BC-3654ED321F3B}") = "TestToolsToXunitProxy", "src\TestToolsToXunitProxy\TestToolsToXunitProxy.xproj", "{D21838C5-E4AC-4024-AC9C-83F2984114EF}"
EndProject
Project("{FAE04EC0-301F-11D3-BF4B-00C04F79EFBC}") = "UnitTestProject", "src\UnitTestProject\UnitTestProject.csproj", "{C4154B8D-8FC2-487B-83C6-995D04D70660}"
EndProject
Global
	GlobalSection(SolutionConfigurationPlatforms) = preSolution
		Debug|Any CPU = Debug|Any CPU
		Release|Any CPU = Release|Any CPU
	EndGlobalSection
	GlobalSection(ProjectConfigurationPlatforms) = postSolution
		{D21838C5-E4AC-4024-AC9C-83F2984114EF}.Debug|Any CPU.ActiveCfg = Debug|Any CPU
		{D21838C5-E4AC-4024-AC9C-83F2984114EF}.Debug|Any CPU.Build.0 = Debug|Any CPU
		{D21838C5-E4AC-4024-AC9C-83F2984114EF}.Release|Any CPU.ActiveCfg = Release|Any CPU
		{D21838C5-E4AC-4024-AC9C-83F2984114EF}.Release|Any CPU.Build.0 = Release|Any CPU
		{C4154B8D-8FC2-487B-83C6-995D04D70660}.Debug|Any CPU.ActiveCfg = Debug|Any CPU
		{C4154B8D-8FC2-487B-83C6-995D04D70660}.Debug|Any CPU.Build.0 = Debug|Any CPU
		{C4154B8D-8FC2-487B-83C6-995D04D70660}.Release|Any CPU.ActiveCfg = Release|Any CPU
		{C4154B8D-8FC2-487B-83C6-995D04D70660}.Release|Any CPU.Build.0 = Release|Any CPU
	EndGlobalSection
	GlobalSection(SolutionProperties) = preSolution
		HideSolutionNode = FALSE
	EndGlobalSection
	GlobalSection(NestedProjects) = preSolution
		{D21838C5-E4AC-4024-AC9C-83F2984114EF} = {AEF2DF70-4325-47FE-8410-1F381DFFB5AB}
		{C4154B8D-8FC2-487B-83C6-995D04D70660} = {AEF2DF70-4325-47FE-8410-1F381DFFB5AB}
	EndGlobalSection
EndGlobal
